
Microsoft Visual Studio Solution File, Format Version 12.00
Project("{FAE04EC0-301F-11D3-BF4B-00C04F79EFBC}") = "Examify.Identity", "Examify.Identity\Examify.Identity.csproj", "{19886FE1-E440-493D-ACD2-B226901314D9}"
EndProject
Project("{2150E333-8FDC-42A3-9474-1A3956D46DE8}") = "Services", "Services", "{0273B55A-4323-4319-99BE-B3B83781EBA6}"
EndProject
Project("{FAE04EC0-301F-11D3-BF4B-00C04F79EFBC}") = "Examify.Classroom", "Examify.Classroom\Examify.Classroom.csproj", "{9DEECA16-AFCE-4A68-891B-97F56A8A9E70}"
EndProject
Project("{2150E333-8FDC-42A3-9474-1A3956D46DE8}") = "Gateways", "Gateways", "{DBBCD54D-DD6C-4D17-9EC7-FA71F0E8AFB3}"
EndProject
Project("{FAE04EC0-301F-11D3-BF4B-00C04F79EFBC}") = "Examify.Gateway", "Examify.Gateway\Examify.Gateway.csproj", "{C66E7740-8C93-4C97-8204-0335B686150F}"
EndProject
Project("{FAE04EC0-301F-11D3-BF4B-00C04F79EFBC}") = "Examify.Notification", "Examify.Notification\Examify.Notification.csproj", "{A7838678-B274-4BA7-B68D-C639FC13D432}"
EndProject
Project("{2150E333-8FDC-42A3-9474-1A3956D46DE8}") = "BuildingBlocks", "BuildingBlocks", "{4EE3AD1D-EBF5-4FF5-A829-1452CF7B90C3}"
EndProject
Project("{FAE04EC0-301F-11D3-BF4B-00C04F79EFBC}") = "Examify.Core", "Examify.Core\Examify.Core.csproj", "{41438CD8-A767-4B14-87D2-40072677D9D9}"
EndProject
Project("{FAE04EC0-301F-11D3-BF4B-00C04F79EFBC}") = "Examify.Infrastructure", "Examify.Infrastructure\Examify.Infrastructure.csproj", "{9C182A97-B62E-4BD0-ABED-6181D53321C0}"
EndProject
Project("{FAE04EC0-301F-11D3-BF4B-00C04F79EFBC}") = "Examify.AppHost", "Examify.AppHost\Examify.AppHost.csproj", "{F5721A70-527A-4F8F-A9C0-E5D9DF055DEA}"
EndProject
Project("{FAE04EC0-301F-11D3-BF4B-00C04F79EFBC}") = "Examify.Constants", "Examify.Constants\Examify.Constants.csproj", "{8E267F71-01FD-428D-B936-E696C74EAD94}"
EndProject
Global
	GlobalSection(SolutionConfigurationPlatforms) = preSolution
		Debug|Any CPU = Debug|Any CPU
		Release|Any CPU = Release|Any CPU
	EndGlobalSection
	GlobalSection(ProjectConfigurationPlatforms) = postSolution
		{19886FE1-E440-493D-ACD2-B226901314D9}.Debug|Any CPU.ActiveCfg = Debug|Any CPU
		{19886FE1-E440-493D-ACD2-B226901314D9}.Debug|Any CPU.Build.0 = Debug|Any CPU
		{19886FE1-E440-493D-ACD2-B226901314D9}.Release|Any CPU.ActiveCfg = Release|Any CPU
		{19886FE1-E440-493D-ACD2-B226901314D9}.Release|Any CPU.Build.0 = Release|Any CPU
		{9DEECA16-AFCE-4A68-891B-97F56A8A9E70}.Debug|Any CPU.ActiveCfg = Debug|Any CPU
		{9DEECA16-AFCE-4A68-891B-97F56A8A9E70}.Debug|Any CPU.Build.0 = Debug|Any CPU
		{9DEECA16-AFCE-4A68-891B-97F56A8A9E70}.Release|Any CPU.ActiveCfg = Release|Any CPU
		{9DEECA16-AFCE-4A68-891B-97F56A8A9E70}.Release|Any CPU.Build.0 = Release|Any CPU
		{C66E7740-8C93-4C97-8204-0335B686150F}.Debug|Any CPU.ActiveCfg = Debug|Any CPU
		{C66E7740-8C93-4C97-8204-0335B686150F}.Debug|Any CPU.Build.0 = Debug|Any CPU
		{C66E7740-8C93-4C97-8204-0335B686150F}.Release|Any CPU.ActiveCfg = Release|Any CPU
		{C66E7740-8C93-4C97-8204-0335B686150F}.Release|Any CPU.Build.0 = Release|Any CPU
		{A7838678-B274-4BA7-B68D-C639FC13D432}.Debug|Any CPU.ActiveCfg = Debug|Any CPU
		{A7838678-B274-4BA7-B68D-C639FC13D432}.Debug|Any CPU.Build.0 = Debug|Any CPU
		{A7838678-B274-4BA7-B68D-C639FC13D432}.Release|Any CPU.ActiveCfg = Release|Any CPU
		{A7838678-B274-4BA7-B68D-C639FC13D432}.Release|Any CPU.Build.0 = Release|Any CPU
		{41438CD8-A767-4B14-87D2-40072677D9D9}.Debug|Any CPU.ActiveCfg = Debug|Any CPU
		{41438CD8-A767-4B14-87D2-40072677D9D9}.Debug|Any CPU.Build.0 = Debug|Any CPU
		{41438CD8-A767-4B14-87D2-40072677D9D9}.Release|Any CPU.ActiveCfg = Release|Any CPU
		{41438CD8-A767-4B14-87D2-40072677D9D9}.Release|Any CPU.Build.0 = Release|Any CPU
		{9C182A97-B62E-4BD0-ABED-6181D53321C0}.Debug|Any CPU.ActiveCfg = Debug|Any CPU
		{9C182A97-B62E-4BD0-ABED-6181D53321C0}.Debug|Any CPU.Build.0 = Debug|Any CPU
		{9C182A97-B62E-4BD0-ABED-6181D53321C0}.Release|Any CPU.ActiveCfg = Release|Any CPU
		{9C182A97-B62E-4BD0-ABED-6181D53321C0}.Release|Any CPU.Build.0 = Release|Any CPU
		{F5721A70-527A-4F8F-A9C0-E5D9DF055DEA}.Debug|Any CPU.ActiveCfg = Debug|Any CPU
		{F5721A70-527A-4F8F-A9C0-E5D9DF055DEA}.Debug|Any CPU.Build.0 = Debug|Any CPU
		{F5721A70-527A-4F8F-A9C0-E5D9DF055DEA}.Release|Any CPU.ActiveCfg = Release|Any CPU
		{F5721A70-527A-4F8F-A9C0-E5D9DF055DEA}.Release|Any CPU.Build.0 = Release|Any CPU
		{8E267F71-01FD-428D-B936-E696C74EAD94}.Debug|Any CPU.ActiveCfg = Debug|Any CPU
		{8E267F71-01FD-428D-B936-E696C74EAD94}.Debug|Any CPU.Build.0 = Debug|Any CPU
		{8E267F71-01FD-428D-B936-E696C74EAD94}.Release|Any CPU.ActiveCfg = Release|Any CPU
		{8E267F71-01FD-428D-B936-E696C74EAD94}.Release|Any CPU.Build.0 = Release|Any CPU
	EndGlobalSection
	GlobalSection(NestedProjects) = preSolution
		{19886FE1-E440-493D-ACD2-B226901314D9} = {0273B55A-4323-4319-99BE-B3B83781EBA6}
		{9DEECA16-AFCE-4A68-891B-97F56A8A9E70} = {0273B55A-4323-4319-99BE-B3B83781EBA6}
		{C66E7740-8C93-4C97-8204-0335B686150F} = {DBBCD54D-DD6C-4D17-9EC7-FA71F0E8AFB3}
		{A7838678-B274-4BA7-B68D-C639FC13D432} = {0273B55A-4323-4319-99BE-B3B83781EBA6}
		{41438CD8-A767-4B14-87D2-40072677D9D9} = {4EE3AD1D-EBF5-4FF5-A829-1452CF7B90C3}
		{9C182A97-B62E-4BD0-ABED-6181D53321C0} = {4EE3AD1D-EBF5-4FF5-A829-1452CF7B90C3}
		{8E267F71-01FD-428D-B936-E696C74EAD94} = {4EE3AD1D-EBF5-4FF5-A829-1452CF7B90C3}
	EndGlobalSection
EndGlobal
